
Microsoft Visual Studio Solution File, Format Version 12.00
# Visual Studio Version 16
VisualStudioVersion = 16.0.31702.278
MinimumVisualStudioVersion = 10.0.40219.1
Project("{FAE04EC0-301F-11D3-BF4B-00C04F79EFBC}") = "180IQ_Solver", "180IQ_Solver\180IQ_Solver.csproj", "{5BC2F007-F101-4047-90F5-E184C0DA9141}"
EndProject
Global
	GlobalSection(SolutionConfigurationPlatforms) = preSolution
		Debug|Any CPU = Debug|Any CPU
		Release|Any CPU = Release|Any CPU
	EndGlobalSection
	GlobalSection(ProjectConfigurationPlatforms) = postSolution
		{5BC2F007-F101-4047-90F5-E184C0DA9141}.Debug|Any CPU.ActiveCfg = Debug|Any CPU
		{5BC2F007-F101-4047-90F5-E184C0DA9141}.Debug|Any CPU.Build.0 = Debug|Any CPU
		{5BC2F007-F101-4047-90F5-E184C0DA9141}.Release|Any CPU.ActiveCfg = Release|Any CPU
		{5BC2F007-F101-4047-90F5-E184C0DA9141}.Release|Any CPU.Build.0 = Release|Any CPU
	EndGlobalSection
	GlobalSection(SolutionProperties) = preSolution
		HideSolutionNode = FALSE
	EndGlobalSection
	GlobalSection(ExtensibilityGlobals) = postSolution
		SolutionGuid = {D4CE2A61-8399-46B8-B205-C42F5F0BF142}
	EndGlobalSection
EndGlobal
